// !$*UTF8*$!
{
	archiveVersion = 1;
	classes = {
	};
	objectVersion = 46;
	objects = {

/* Begin PBXBuildFile section */
		0332D29F1BEB28D40051642D /* main.m in Sources */ = {isa = PBXBuildFile; fileRef = 0332D29E1BEB28D40051642D /* main.m */; };
		0332D2A21BEB28D40051642D /* AppDelegate.m in Sources */ = {isa = PBXBuildFile; fileRef = 0332D2A11BEB28D40051642D /* AppDelegate.m */; };
		0332D2A51BEB28D40051642D /* ViewController.m in Sources */ = {isa = PBXBuildFile; fileRef = 0332D2A41BEB28D40051642D /* ViewController.m */; };
		0332D2A81BEB28D40051642D /* Main.storyboard in Resources */ = {isa = PBXBuildFile; fileRef = 0332D2A61BEB28D40051642D /* Main.storyboard */; };
		0332D2AA1BEB28D40051642D /* Assets.xcassets in Resources */ = {isa = PBXBuildFile; fileRef = 0332D2A91BEB28D40051642D /* Assets.xcassets */; };
		0332D2AD1BEB28D40051642D /* LaunchScreen.storyboard in Resources */ = {isa = PBXBuildFile; fileRef = 0332D2AB1BEB28D40051642D /* LaunchScreen.storyboard */; };
		0332D2B81BEB28D40051642D /* RYCuteViewTests.m in Sources */ = {isa = PBXBuildFile; fileRef = 0332D2B71BEB28D40051642D /* RYCuteViewTests.m */; };
		0332D2C31BEB28D40051642D /* RYCuteViewUITests.m in Sources */ = {isa = PBXBuildFile; fileRef = 0332D2C21BEB28D40051642D /* RYCuteViewUITests.m */; };
/* End PBXBuildFile section */

/* Begin PBXContainerItemProxy section */
		0332D2B41BEB28D40051642D /* PBXContainerItemProxy */ = {
			isa = PBXContainerItemProxy;
			containerPortal = 0332D2921BEB28D40051642D /* Project object */;
			proxyType = 1;
			remoteGlobalIDString = 0332D2991BEB28D40051642D;
			remoteInfo = RYCuteView;
		};
		0332D2BF1BEB28D40051642D /* PBXContainerItemProxy */ = {
			isa = PBXContainerItemProxy;
			containerPortal = 0332D2921BEB28D40051642D /* Project object */;
			proxyType = 1;
			remoteGlobalIDString = 0332D2991BEB28D40051642D;
			remoteInfo = RYCuteView;
		};
/* End PBXContainerItemProxy section */

/* Begin PBXFileReference section */
		0332D29A1BEB28D40051642D /* RYCuteView.app */ = {isa = PBXFileReference; explicitFileType = wrapper.application; includeInIndex = 0; path = RYCuteView.app; sourceTree = BUILT_PRODUCTS_DIR; };
		0332D29E1BEB28D40051642D /* main.m */ = {isa = PBXFileReference; lastKnownFileType = sourcecode.c.objc; path = main.m; sourceTree = "<group>"; };
		0332D2A01BEB28D40051642D /* AppDelegate.h */ = {isa = PBXFileReference; lastKnownFileType = sourcecode.c.h; path = AppDelegate.h; sourceTree = "<group>"; };
		0332D2A11BEB28D40051642D /* AppDelegate.m */ = {isa = PBXFileReference; lastKnownFileType = sourcecode.c.objc; path = AppDelegate.m; sourceTree = "<group>"; };
		0332D2A31BEB28D40051642D /* ViewController.h */ = {isa = PBXFileReference; lastKnownFileType = sourcecode.c.h; path = ViewController.h; sourceTree = "<group>"; };
		0332D2A41BEB28D40051642D /* ViewController.m */ = {isa = PBXFileReference; lastKnownFileType = sourcecode.c.objc; path = ViewController.m; sourceTree = "<group>"; };
		0332D2A71BEB28D40051642D /* Base */ = {isa = PBXFileReference; lastKnownFileType = file.storyboard; name = Base; path = Base.lproj/Main.storyboard; sourceTree = "<group>"; };
		0332D2A91BEB28D40051642D /* Assets.xcassets */ = {isa = PBXFileReference; lastKnownFileType = folder.assetcatalog; path = Assets.xcassets; sourceTree = "<group>"; };
		0332D2AC1BEB28D40051642D /* Base */ = {isa = PBXFileReference; lastKnownFileType = file.storyboard; name = Base; path = Base.lproj/LaunchScreen.storyboard; sourceTree = "<group>"; };
		0332D2AE1BEB28D40051642D /* Info.plist */ = {isa = PBXFileReference; lastKnownFileType = text.plist.xml; path = Info.plist; sourceTree = "<group>"; };
		0332D2B31BEB28D40051642D /* RYCuteViewTests.xctest */ = {isa = PBXFileReference; explicitFileType = wrapper.cfbundle; includeInIndex = 0; path = RYCuteViewTests.xctest; sourceTree = BUILT_PRODUCTS_DIR; };
		0332D2B71BEB28D40051642D /* RYCuteViewTests.m */ = {isa = PBXFileReference; lastKnownFileType = sourcecode.c.objc; path = RYCuteViewTests.m; sourceTree = "<group>"; };
		0332D2B91BEB28D40051642D /* Info.plist */ = {isa = PBXFileReference; lastKnownFileType = text.plist.xml; path = Info.plist; sourceTree = "<group>"; };
		0332D2BE1BEB28D40051642D /* RYCuteViewUITests.xctest */ = {isa = PBXFileReference; explicitFileType = wrapper.cfbundle; includeInIndex = 0; path = RYCuteViewUITests.xctest; sourceTree = BUILT_PRODUCTS_DIR; };
		0332D2C21BEB28D40051642D /* RYCuteViewUITests.m */ = {isa = PBXFileReference; lastKnownFileType = sourcecode.c.objc; path = RYCuteViewUITests.m; sourceTree = "<group>"; };
		0332D2C41BEB28D40051642D /* Info.plist */ = {isa = PBXFileReference; lastKnownFileType = text.plist.xml; path = Info.plist; sourceTree = "<group>"; };
/* End PBXFileReference section */

/* Begin PBXFrameworksBuildPhase section */
		0332D2971BEB28D40051642D /* Frameworks */ = {
			isa = PBXFrameworksBuildPhase;
			buildActionMask = 2147483647;
			files = (
			);
			runOnlyForDeploymentPostprocessing = 0;
		};
		0332D2B01BEB28D40051642D /* Frameworks */ = {
			isa = PBXFrameworksBuildPhase;
			buildActionMask = 2147483647;
			files = (
			);
			runOnlyForDeploymentPostprocessing = 0;
		};
		0332D2BB1BEB28D40051642D /* Frameworks */ = {
			isa = PBXFrameworksBuildPhase;
			buildActionMask = 2147483647;
			files = (
			);
			runOnlyForDeploymentPostprocessing = 0;
		};
/* End PBXFrameworksBuildPhase section */

/* Begin PBXGroup section */
		0332D2911BEB28D40051642D = {
			isa = PBXGroup;
			children = (
				0332D29C1BEB28D40051642D /* RYCuteView */,
				0332D2B61BEB28D40051642D /* RYCuteViewTests */,
				0332D2C11BEB28D40051642D /* RYCuteViewUITests */,
				0332D29B1BEB28D40051642D /* Products */,
			);
			sourceTree = "<group>";
		};
		0332D29B1BEB28D40051642D /* Products */ = {
			isa = PBXGroup;
			children = (
				0332D29A1BEB28D40051642D /* RYCuteView.app */,
				0332D2B31BEB28D40051642D /* RYCuteViewTests.xctest */,
				0332D2BE1BEB28D40051642D /* RYCuteViewUITests.xctest */,
			);
			name = Products;
			sourceTree = "<group>";
		};
		0332D29C1BEB28D40051642D /* RYCuteView */ = {
			isa = PBXGroup;
			children = (
				0332D2A01BEB28D40051642D /* AppDelegate.h */,
				0332D2A11BEB28D40051642D /* AppDelegate.m */,
				0332D2A31BEB28D40051642D /* ViewController.h */,
				0332D2A41BEB28D40051642D /* ViewController.m */,
				0332D2A61BEB28D40051642D /* Main.storyboard */,
				0332D2A91BEB28D40051642D /* Assets.xcassets */,
				0332D2AB1BEB28D40051642D /* LaunchScreen.storyboard */,
				0332D2AE1BEB28D40051642D /* Info.plist */,
				0332D29D1BEB28D40051642D /* Supporting Files */,
			);
			path = RYCuteView;
			sourceTree = "<group>";
		};
		0332D29D1BEB28D40051642D /* Supporting Files */ = {
			isa = PBXGroup;
			children = (
				0332D29E1BEB28D40051642D /* main.m */,
			);
			name = "Supporting Files";
			sourceTree = "<group>";
		};
		0332D2B61BEB28D40051642D /* RYCuteViewTests */ = {
			isa = PBXGroup;
			children = (
				0332D2B71BEB28D40051642D /* RYCuteViewTests.m */,
				0332D2B91BEB28D40051642D /* Info.plist */,
			);
			path = RYCuteViewTests;
			sourceTree = "<group>";
		};
		0332D2C11BEB28D40051642D /* RYCuteViewUITests */ = {
			isa = PBXGroup;
			children = (
				0332D2C21BEB28D40051642D /* RYCuteViewUITests.m */,
				0332D2C41BEB28D40051642D /* Info.plist */,
			);
			path = RYCuteViewUITests;
			sourceTree = "<group>";
		};
/* End PBXGroup section */

/* Begin PBXNativeTarget section */
		0332D2991BEB28D40051642D /* RYCuteView */ = {
			isa = PBXNativeTarget;
			buildConfigurationList = 0332D2C71BEB28D40051642D /* Build configuration list for PBXNativeTarget "RYCuteView" */;
			buildPhases = (
				0332D2961BEB28D40051642D /* Sources */,
				0332D2971BEB28D40051642D /* Frameworks */,
				0332D2981BEB28D40051642D /* Resources */,
			);
			buildRules = (
			);
			dependencies = (
			);
			name = RYCuteView;
			productName = RYCuteView;
			productReference = 0332D29A1BEB28D40051642D /* RYCuteView.app */;
			productType = "com.apple.product-type.application";
		};
		0332D2B21BEB28D40051642D /* RYCuteViewTests */ = {
			isa = PBXNativeTarget;
			buildConfigurationList = 0332D2CA1BEB28D40051642D /* Build configuration list for PBXNativeTarget "RYCuteViewTests" */;
			buildPhases = (
				0332D2AF1BEB28D40051642D /* Sources */,
				0332D2B01BEB28D40051642D /* Frameworks */,
				0332D2B11BEB28D40051642D /* Resources */,
			);
			buildRules = (
			);
			dependencies = (
				0332D2B51BEB28D40051642D /* PBXTargetDependency */,
			);
			name = RYCuteViewTests;
			productName = RYCuteViewTests;
			productReference = 0332D2B31BEB28D40051642D /* RYCuteViewTests.xctest */;
			productType = "com.apple.product-type.bundle.unit-test";
		};
		0332D2BD1BEB28D40051642D /* RYCuteViewUITests */ = {
			isa = PBXNativeTarget;
			buildConfigurationList = 0332D2CD1BEB28D40051642D /* Build configuration list for PBXNativeTarget "RYCuteViewUITests" */;
			buildPhases = (
				0332D2BA1BEB28D40051642D /* Sources */,
				0332D2BB1BEB28D40051642D /* Frameworks */,
				0332D2BC1BEB28D40051642D /* Resources */,
			);
			buildRules = (
			);
			dependencies = (
				0332D2C01BEB28D40051642D /* PBXTargetDependency */,
			);
			name = RYCuteViewUITests;
			productName = RYCuteViewUITests;
			productReference = 0332D2BE1BEB28D40051642D /* RYCuteViewUITests.xctest */;
			productType = "com.apple.product-type.bundle.ui-testing";
		};
/* End PBXNativeTarget section */

/* Begin PBXProject section */
		0332D2921BEB28D40051642D /* Project object */ = {
			isa = PBXProject;
			attributes = {
				LastUpgradeCheck = 0700;
				ORGANIZATIONNAME = Resory;
				TargetAttributes = {
					0332D2991BEB28D40051642D = {
						CreatedOnToolsVersion = 7.0.1;
					};
					0332D2B21BEB28D40051642D = {
						CreatedOnToolsVersion = 7.0.1;
						TestTargetID = 0332D2991BEB28D40051642D;
					};
					0332D2BD1BEB28D40051642D = {
						CreatedOnToolsVersion = 7.0.1;
						TestTargetID = 0332D2991BEB28D40051642D;
					};
				};
			};
			buildConfigurationList = 0332D2951BEB28D40051642D /* Build configuration list for PBXProject "RYCuteView" */;
			compatibilityVersion = "Xcode 3.2";
			developmentRegion = English;
			hasScannedForEncodings = 0;
			knownRegions = (
				en,
				Base,
			);
			mainGroup = 0332D2911BEB28D40051642D;
			productRefGroup = 0332D29B1BEB28D40051642D /* Products */;
			projectDirPath = "";
			projectRoot = "";
			targets = (
				0332D2991BEB28D40051642D /* RYCuteView */,
				0332D2B21BEB28D40051642D /* RYCuteViewTests */,
				0332D2BD1BEB28D40051642D /* RYCuteViewUITests */,
			);
		};
/* End PBXProject section */

/* Begin PBXResourcesBuildPhase section */
		0332D2981BEB28D40051642D /* Resources */ = {
			isa = PBXResourcesBuildPhase;
			buildActionMask = 2147483647;
			files = (
				0332D2AD1BEB28D40051642D /* LaunchScreen.storyboard in Resources */,
				0332D2AA1BEB28D40051642D /* Assets.xcassets in Resources */,
				0332D2A81BEB28D40051642D /* Main.storyboard in Resources */,
			);
			runOnlyForDeploymentPostprocessing = 0;
		};
		0332D2B11BEB28D40051642D /* Resources */ = {
			isa = PBXResourcesBuildPhase;
			buildActionMask = 2147483647;
			files = (
			);
			runOnlyForDeploymentPostprocessing = 0;
		};
		0332D2BC1BEB28D40051642D /* Resources */ = {
			isa = PBXResourcesBuildPhase;
			buildActionMask = 2147483647;
			files = (
			);
			runOnlyForDeploymentPostprocessing = 0;
		};
/* End PBXResourcesBuildPhase section */

/* Begin PBXSourcesBuildPhase section */
		0332D2961BEB28D40051642D /* Sources */ = {
			isa = PBXSourcesBuildPhase;
			buildActionMask = 2147483647;
			files = (
				0332D2A51BEB28D40051642D /* ViewController.m in Sources */,
				0332D2A21BEB28D40051642D /* AppDelegate.m in Sources */,
				0332D29F1BEB28D40051642D /* main.m in Sources */,
			);
			runOnlyForDeploymentPostprocessing = 0;
		};
		0332D2AF1BEB28D40051642D /* Sources */ = {
			isa = PBXSourcesBuildPhase;
			buildActionMask = 2147483647;
			files = (
				0332D2B81BEB28D40051642D /* RYCuteViewTests.m in Sources */,
			);
			runOnlyForDeploymentPostprocessing = 0;
		};
		0332D2BA1BEB28D40051642D /* Sources */ = {
			isa = PBXSourcesBuildPhase;
			buildActionMask = 2147483647;
			files = (
				0332D2C31BEB28D40051642D /* RYCuteViewUITests.m in Sources */,
			);
			runOnlyForDeploymentPostprocessing = 0;
		};
/* End PBXSourcesBuildPhase section */

/* Begin PBXTargetDependency section */
		0332D2B51BEB28D40051642D /* PBXTargetDependency */ = {
			isa = PBXTargetDependency;
			target = 0332D2991BEB28D40051642D /* RYCuteView */;
			targetProxy = 0332D2B41BEB28D40051642D /* PBXContainerItemProxy */;
		};
		0332D2C01BEB28D40051642D /* PBXTargetDependency */ = {
			isa = PBXTargetDependency;
			target = 0332D2991BEB28D40051642D /* RYCuteView */;
			targetProxy = 0332D2BF1BEB28D40051642D /* PBXContainerItemProxy */;
		};
/* End PBXTargetDependency section */

/* Begin PBXVariantGroup section */
		0332D2A61BEB28D40051642D /* Main.storyboard */ = {
			isa = PBXVariantGroup;
			children = (
				0332D2A71BEB28D40051642D /* Base */,
			);
			name = Main.storyboard;
			sourceTree = "<group>";
		};
		0332D2AB1BEB28D40051642D /* LaunchScreen.storyboard */ = {
			isa = PBXVariantGroup;
			children = (
				0332D2AC1BEB28D40051642D /* Base */,
			);
			name = LaunchScreen.storyboard;
			sourceTree = "<group>";
		};
/* End PBXVariantGroup section */

/* Begin XCBuildConfiguration section */
		0332D2C51BEB28D40051642D /* Debug */ = {
			isa = XCBuildConfiguration;
			buildSettings = {
				ALWAYS_SEARCH_USER_PATHS = NO;
				CLANG_CXX_LANGUAGE_STANDARD = "gnu++0x";
				CLANG_CXX_LIBRARY = "libc++";
				CLANG_ENABLE_MODULES = YES;
				CLANG_ENABLE_OBJC_ARC = YES;
				CLANG_WARN_BOOL_CONVERSION = YES;
				CLANG_WARN_CONSTANT_CONVERSION = YES;
				CLANG_WARN_DIRECT_OBJC_ISA_USAGE = YES_ERROR;
				CLANG_WARN_EMPTY_BODY = YES;
				CLANG_WARN_ENUM_CONVERSION = YES;
				CLANG_WARN_INT_CONVERSION = YES;
				CLANG_WARN_OBJC_ROOT_CLASS = YES_ERROR;
				CLANG_WARN_UNREACHABLE_CODE = YES;
				CLANG_WARN__DUPLICATE_METHOD_MATCH = YES;
				"CODE_SIGN_IDENTITY[sdk=iphoneos*]" = "iPhone Developer";
				COPY_PHASE_STRIP = NO;
				DEBUG_INFORMATION_FORMAT = dwarf;
				ENABLE_STRICT_OBJC_MSGSEND = YES;
				ENABLE_TESTABILITY = YES;
				GCC_C_LANGUAGE_STANDARD = gnu99;
				GCC_DYNAMIC_NO_PIC = NO;
				GCC_NO_COMMON_BLOCKS = YES;
				GCC_OPTIMIZATION_LEVEL = 0;
				GCC_PREPROCESSOR_DEFINITIONS = (
					"DEBUG=1",
					"$(inherited)",
				);
				GCC_WARN_64_TO_32_BIT_CONVERSION = YES;
				GCC_WARN_ABOUT_RETURN_TYPE = YES_ERROR;
				GCC_WARN_UNDECLARED_SELECTOR = YES;
				GCC_WARN_UNINITIALIZED_AUTOS = YES_AGGRESSIVE;
				GCC_WARN_UNUSED_FUNCTION = YES;
				GCC_WARN_UNUSED_VARIABLE = YES;
				IPHONEOS_DEPLOYMENT_TARGET = 9.0;
				MTL_ENABLE_DEBUG_INFO = YES;
				ONLY_ACTIVE_ARCH = YES;
				SDKROOT = iphoneos;
			};
			name = Debug;
		};
		0332D2C61BEB28D40051642D /* Release */ = {
			isa = XCBuildConfiguration;
			buildSettings = {
				ALWAYS_SEARCH_USER_PATHS = NO;
				CLANG_CXX_LANGUAGE_STANDARD = "gnu++0x";
				CLANG_CXX_LIBRARY = "libc++";
				CLANG_ENABLE_MODULES = YES;
				CLANG_ENABLE_OBJC_ARC = YES;
				CLANG_WARN_BOOL_CONVERSION = YES;
				CLANG_WARN_CONSTANT_CONVERSION = YES;
				CLANG_WARN_DIRECT_OBJC_ISA_USAGE = YES_ERROR;
				CLANG_WARN_EMPTY_BODY = YES;
				CLANG_WARN_ENUM_CONVERSION = YES;
				CLANG_WARN_INT_CONVERSION = YES;
				CLANG_WARN_OBJC_ROOT_CLASS = YES_ERROR;
				CLANG_WARN_UNREACHABLE_CODE = YES;
				CLANG_WARN__DUPLICATE_METHOD_MATCH = YES;
				"CODE_SIGN_IDENTITY[sdk=iphoneos*]" = "iPhone Developer";
				COPY_PHASE_STRIP = NO;
				DEBUG_INFORMATION_FORMAT = "dwarf-with-dsym";
				ENABLE_NS_ASSERTIONS = NO;
				ENABLE_STRICT_OBJC_MSGSEND = YES;
				GCC_C_LANGUAGE_STANDARD = gnu99;
				GCC_NO_COMMON_BLOCKS = YES;
				GCC_WARN_64_TO_32_BIT_CONVERSION = YES;
				GCC_WARN_ABOUT_RETURN_TYPE = YES_ERROR;
				GCC_WARN_UNDECLARED_SELECTOR = YES;
				GCC_WARN_UNINITIALIZED_AUTOS = YES_AGGRESSIVE;
				GCC_WARN_UNUSED_FUNCTION = YES;
				GCC_WARN_UNUSED_VARIABLE = YES;
				IPHONEOS_DEPLOYMENT_TARGET = 9.0;
				MTL_ENABLE_DEBUG_INFO = NO;
				SDKROOT = iphoneos;
				VALIDATE_PRODUCT = YES;
			};
			name = Release;
		};
		0332D2C81BEB28D40051642D /* Debug */ = {
			isa = XCBuildConfiguration;
			buildSettings = {
				ASSETCATALOG_COMPILER_APPICON_NAME = AppIcon;
				INFOPLIST_FILE = RYCuteView/Info.plist;
				LD_RUNPATH_SEARCH_PATHS = "$(inherited) @executable_path/Frameworks";
				PRODUCT_BUNDLE_IDENTIFIER = com.resory.RYCuteView;
				PRODUCT_NAME = "$(TARGET_NAME)";
			};
			name = Debug;
		};
		0332D2C91BEB28D40051642D /* Release */ = {
			isa = XCBuildConfiguration;
			buildSettings = {
				ASSETCATALOG_COMPILER_APPICON_NAME = AppIcon;
				INFOPLIST_FILE = RYCuteView/Info.plist;
				LD_RUNPATH_SEARCH_PATHS = "$(inherited) @executable_path/Frameworks";
				PRODUCT_BUNDLE_IDENTIFIER = com.resory.RYCuteView;
				PRODUCT_NAME = "$(TARGET_NAME)";
			};
			name = Release;
		};
		0332D2CB1BEB28D40051642D /* Debug */ = {
			isa = XCBuildConfiguration;
			buildSettings = {
				BUNDLE_LOADER = "$(TEST_HOST)";
				INFOPLIST_FILE = RYCuteViewTests/Info.plist;
				LD_RUNPATH_SEARCH_PATHS = "$(inherited) @executable_path/Frameworks @loader_path/Frameworks";
				PRODUCT_BUNDLE_IDENTIFIER = com.resory.RYCuteViewTests;
				PRODUCT_NAME = "$(TARGET_NAME)";
				TEST_HOST = "$(BUILT_PRODUCTS_DIR)/RYCuteView.app/RYCuteView";
			};
			name = Debug;
		};
		0332D2CC1BEB28D40051642D /* Release */ = {
			isa = XCBuildConfiguration;
			buildSettings = {
				BUNDLE_LOADER = "$(TEST_HOST)";
				INFOPLIST_FILE = RYCuteViewTests/Info.plist;
				LD_RUNPATH_SEARCH_PATHS = "$(inherited) @executable_path/Frameworks @loader_path/Frameworks";
				PRODUCT_BUNDLE_IDENTIFIER = com.resory.RYCuteViewTests;
				PRODUCT_NAME = "$(TARGET_NAME)";
				TEST_HOST = "$(BUILT_PRODUCTS_DIR)/RYCuteView.app/RYCuteView";
			};
			name = Release;
		};
		0332D2CE1BEB28D40051642D /* Debug */ = {
			isa = XCBuildConfiguration;
			buildSettings = {
				INFOPLIST_FILE = RYCuteViewUITests/Info.plist;
				LD_RUNPATH_SEARCH_PATHS = "$(inherited) @executable_path/Frameworks @loader_path/Frameworks";
				PRODUCT_BUNDLE_IDENTIFIER = com.resory.RYCuteViewUITests;
				PRODUCT_NAME = "$(TARGET_NAME)";
				TEST_TARGET_NAME = RYCuteView;
				USES_XCTRUNNER = YES;
			};
			name = Debug;
		};
		0332D2CF1BEB28D40051642D /* Release */ = {
			isa = XCBuildConfiguration;
			buildSettings = {
				INFOPLIST_FILE = RYCuteViewUITests/Info.plist;
				LD_RUNPATH_SEARCH_PATHS = "$(inherited) @executable_path/Frameworks @loader_path/Frameworks";
				PRODUCT_BUNDLE_IDENTIFIER = com.resory.RYCuteViewUITests;
				PRODUCT_NAME = "$(TARGET_NAME)";
				TEST_TARGET_NAME = RYCuteView;
				USES_XCTRUNNER = YES;
			};
			name = Release;
		};
/* End XCBuildConfiguration section */

/* Begin XCConfigurationList section */
		0332D2951BEB28D40051642D /* Build configuration list for PBXProject "RYCuteView" */ = {
			isa = XCConfigurationList;
			buildConfigurations = (
				0332D2C51BEB28D40051642D /* Debug */,
				0332D2C61BEB28D40051642D /* Release */,
			);
			defaultConfigurationIsVisible = 0;
			defaultConfigurationName = Release;
		};
		0332D2C71BEB28D40051642D /* Build configuration list for PBXNativeTarget "RYCuteView" */ = {
			isa = XCConfigurationList;
			buildConfigurations = (
				0332D2C81BEB28D40051642D /* Debug */,
				0332D2C91BEB28D40051642D /* Release */,
			);
			defaultConfigurationIsVisible = 0;
		};
		0332D2CA1BEB28D40051642D /* Build configuration list for PBXNativeTarget "RYCuteViewTests" */ = {
			isa = XCConfigurationList;
			buildConfigurations = (
				0332D2CB1BEB28D40051642D /* Debug */,
				0332D2CC1BEB28D40051642D /* Release */,
			);
			defaultConfigurationIsVisible = 0;
		};
		0332D2CD1BEB28D40051642D /* Build configuration list for PBXNativeTarget "RYCuteViewUITests" */ = {
			isa = XCConfigurationList;
			buildConfigurations = (
				0332D2CE1BEB28D40051642D /* Debug */,
				0332D2CF1BEB28D40051642D /* Release */,
			);
			defaultConfigurationIsVisible = 0;
		};
/* End XCConfigurationList section */
	};
	rootObject = 0332D2921BEB28D40051642D /* Project object */;
}
